
Microsoft Visual Studio Solution File, Format Version 12.00
# Visual Studio Version 16
VisualStudioVersion = 16.0.31019.35
MinimumVisualStudioVersion = 10.0.40219.1
Project("{FAE04EC0-301F-11D3-BF4B-00C04F79EFBC}") = "Lindenmayer-System", "Lindenmayer-System.csproj", "{C34AA30A-F71C-4882-A3A1-7ADD66654E15}"
EndProject
Global
	GlobalSection(SolutionConfigurationPlatforms) = preSolution
		Debug|Any CPU = Debug|Any CPU
		Release|Any CPU = Release|Any CPU
	EndGlobalSection
	GlobalSection(ProjectConfigurationPlatforms) = postSolution
		{C34AA30A-F71C-4882-A3A1-7ADD66654E15}.Debug|Any CPU.ActiveCfg = Debug|Any CPU
		{C34AA30A-F71C-4882-A3A1-7ADD66654E15}.Debug|Any CPU.Build.0 = Debug|Any CPU
		{C34AA30A-F71C-4882-A3A1-7ADD66654E15}.Release|Any CPU.ActiveCfg = Release|Any CPU
		{C34AA30A-F71C-4882-A3A1-7ADD66654E15}.Release|Any CPU.Build.0 = Release|Any CPU
	EndGlobalSection
	GlobalSection(SolutionProperties) = preSolution
		HideSolutionNode = FALSE
	EndGlobalSection
	GlobalSection(ExtensibilityGlobals) = postSolution
		SolutionGuid = {2ABAB19D-1B9D-42A1-8231-39A2D7AA1DF8}
	EndGlobalSection
EndGlobal
